
Microsoft Visual Studio Solution File, Format Version 12.00
# Visual Studio Version 17
VisualStudioVersion = 17.0.31903.59
MinimumVisualStudioVersion = 10.0.40219.1
Project("{9A19103F-16F7-4668-BE54-9A1E7A4F7556}") = "NisCodeService.Abstractions", "src\NisCodeService.Abstractions\NisCodeService.Abstractions.csproj", "{49AEF7FA-4FD6-4A34-867F-E57F000D15A7}"
EndProject
Project("{2150E333-8FDC-42A3-9474-1A3956D46DE8}") = "Solution Items", "Solution Items", "{6B352FC8-5D57-44E5-BBEF-A75AF317D74F}"
	ProjectSection(SolutionItems) = preProject
		.gitattributes = .gitattributes
		.gitignore = .gitignore
		build.fsx = build.fsx
		build.sh = build.sh
		Directory.Build.props = Directory.Build.props
		docker-compose.yml = docker-compose.yml
		global.json = global.json
		paket.dependencies = paket.dependencies
		README.md = README.md
	EndProjectSection
EndProject
Project("{2150E333-8FDC-42A3-9474-1A3956D46DE8}") = "test", "test", "{9CB3983B-FF27-4E89-A810-F7F645FC8274}"
EndProject
Project("{2150E333-8FDC-42A3-9474-1A3956D46DE8}") = "src", "src", "{155FF959-48BC-4039-8DA4-374E6CF7E492}"
EndProject
Project("{9A19103F-16F7-4668-BE54-9A1E7A4F7556}") = "NisCodeService.HardCoded", "src\NisCodeService.HardCoded\NisCodeService.HardCoded.csproj", "{7240985F-1D5C-4904-B69C-D82BEE66A2D4}"
EndProject
Project("{9A19103F-16F7-4668-BE54-9A1E7A4F7556}") = "NisCodeService.Sync.OrganizationRegistry", "src\NisCodeService.Sync.OrganizationRegistry\NisCodeService.Sync.OrganizationRegistry.csproj", "{ACBA827F-8F0D-4448-9421-4778BFD27C9C}"
EndProject
Project("{9A19103F-16F7-4668-BE54-9A1E7A4F7556}") = "NisCodeService.HardCoded.Tests", "test\NisCodeService.HardCoded.Tests\NisCodeService.HardCoded.Tests.csproj", "{ED4A6BE3-2523-4D5A-9ED7-8EC95D7F2BEA}"
EndProject
Project("{9A19103F-16F7-4668-BE54-9A1E7A4F7556}") = "NisCodeService.Sync.OrganizationRegistry.Tests", "test\NisCodeService.Sync.OrganizationRegistry.Tests\NisCodeService.Sync.OrganizationRegistry.Tests.csproj", "{2B7B3EFF-B69A-43E5-ADA9-18C36AABA089}"
EndProject
Project("{FAE04EC0-301F-11D3-BF4B-00C04F79EFBC}") = "NisCodeService.DynamoDb", "src\NisCodeService.DynamoDb\NisCodeService.DynamoDb.csproj", "{F2BF56CA-4BC6-4DF1-80E1-9D21C0783684}"
EndProject
Global
	GlobalSection(SolutionConfigurationPlatforms) = preSolution
		Debug|Any CPU = Debug|Any CPU
		Release|Any CPU = Release|Any CPU
	EndGlobalSection
	GlobalSection(ProjectConfigurationPlatforms) = postSolution
		{49AEF7FA-4FD6-4A34-867F-E57F000D15A7}.Debug|Any CPU.ActiveCfg = Debug|Any CPU
		{49AEF7FA-4FD6-4A34-867F-E57F000D15A7}.Debug|Any CPU.Build.0 = Debug|Any CPU
		{49AEF7FA-4FD6-4A34-867F-E57F000D15A7}.Release|Any CPU.ActiveCfg = Release|Any CPU
		{49AEF7FA-4FD6-4A34-867F-E57F000D15A7}.Release|Any CPU.Build.0 = Release|Any CPU
		{7240985F-1D5C-4904-B69C-D82BEE66A2D4}.Debug|Any CPU.ActiveCfg = Debug|Any CPU
		{7240985F-1D5C-4904-B69C-D82BEE66A2D4}.Debug|Any CPU.Build.0 = Debug|Any CPU
		{7240985F-1D5C-4904-B69C-D82BEE66A2D4}.Release|Any CPU.ActiveCfg = Release|Any CPU
		{7240985F-1D5C-4904-B69C-D82BEE66A2D4}.Release|Any CPU.Build.0 = Release|Any CPU
		{ACBA827F-8F0D-4448-9421-4778BFD27C9C}.Debug|Any CPU.ActiveCfg = Debug|Any CPU
		{ACBA827F-8F0D-4448-9421-4778BFD27C9C}.Debug|Any CPU.Build.0 = Debug|Any CPU
		{ACBA827F-8F0D-4448-9421-4778BFD27C9C}.Release|Any CPU.ActiveCfg = Release|Any CPU
		{ACBA827F-8F0D-4448-9421-4778BFD27C9C}.Release|Any CPU.Build.0 = Release|Any CPU
		{ED4A6BE3-2523-4D5A-9ED7-8EC95D7F2BEA}.Debug|Any CPU.ActiveCfg = Debug|Any CPU
		{ED4A6BE3-2523-4D5A-9ED7-8EC95D7F2BEA}.Debug|Any CPU.Build.0 = Debug|Any CPU
		{ED4A6BE3-2523-4D5A-9ED7-8EC95D7F2BEA}.Release|Any CPU.ActiveCfg = Release|Any CPU
		{ED4A6BE3-2523-4D5A-9ED7-8EC95D7F2BEA}.Release|Any CPU.Build.0 = Release|Any CPU
		{2B7B3EFF-B69A-43E5-ADA9-18C36AABA089}.Debug|Any CPU.ActiveCfg = Debug|Any CPU
		{2B7B3EFF-B69A-43E5-ADA9-18C36AABA089}.Debug|Any CPU.Build.0 = Debug|Any CPU
		{2B7B3EFF-B69A-43E5-ADA9-18C36AABA089}.Release|Any CPU.ActiveCfg = Release|Any CPU
		{2B7B3EFF-B69A-43E5-ADA9-18C36AABA089}.Release|Any CPU.Build.0 = Release|Any CPU
		{F2BF56CA-4BC6-4DF1-80E1-9D21C0783684}.Debug|Any CPU.ActiveCfg = Debug|Any CPU
		{F2BF56CA-4BC6-4DF1-80E1-9D21C0783684}.Debug|Any CPU.Build.0 = Debug|Any CPU
		{F2BF56CA-4BC6-4DF1-80E1-9D21C0783684}.Release|Any CPU.ActiveCfg = Release|Any CPU
		{F2BF56CA-4BC6-4DF1-80E1-9D21C0783684}.Release|Any CPU.Build.0 = Release|Any CPU
	EndGlobalSection
	GlobalSection(SolutionProperties) = preSolution
		HideSolutionNode = FALSE
	EndGlobalSection
	GlobalSection(NestedProjects) = preSolution
		{49AEF7FA-4FD6-4A34-867F-E57F000D15A7} = {155FF959-48BC-4039-8DA4-374E6CF7E492}
		{7240985F-1D5C-4904-B69C-D82BEE66A2D4} = {155FF959-48BC-4039-8DA4-374E6CF7E492}
		{ACBA827F-8F0D-4448-9421-4778BFD27C9C} = {155FF959-48BC-4039-8DA4-374E6CF7E492}
		{ED4A6BE3-2523-4D5A-9ED7-8EC95D7F2BEA} = {9CB3983B-FF27-4E89-A810-F7F645FC8274}
		{2B7B3EFF-B69A-43E5-ADA9-18C36AABA089} = {9CB3983B-FF27-4E89-A810-F7F645FC8274}
		{F2BF56CA-4BC6-4DF1-80E1-9D21C0783684} = {155FF959-48BC-4039-8DA4-374E6CF7E492}
	EndGlobalSection
	GlobalSection(ExtensibilityGlobals) = postSolution
		SolutionGuid = {EB8D6A6F-B06E-4C81-A00A-EBBBA9DB308A}
	EndGlobalSection
EndGlobal
